
Microsoft Visual Studio Solution File, Format Version 12.00
# Visual Studio Version 16
VisualStudioVersion = 25.0.1705.3
MinimumVisualStudioVersion = 10.0.40219.1
Project("{FAE04EC0-301F-11D3-BF4B-00C04F79EFBC}") = "Section_10", "Section_10\Section_10.csproj", "{02D9C4F2-3CE7-449B-A245-D308A6881752}"
EndProject
Global
	GlobalSection(SolutionConfigurationPlatforms) = preSolution
		Debug|Any CPU = Debug|Any CPU
		Release|Any CPU = Release|Any CPU
	EndGlobalSection
	GlobalSection(ProjectConfigurationPlatforms) = postSolution
		{02D9C4F2-3CE7-449B-A245-D308A6881752}.Debug|Any CPU.ActiveCfg = Debug|Any CPU
		{02D9C4F2-3CE7-449B-A245-D308A6881752}.Debug|Any CPU.Build.0 = Debug|Any CPU
		{02D9C4F2-3CE7-449B-A245-D308A6881752}.Release|Any CPU.ActiveCfg = Release|Any CPU
		{02D9C4F2-3CE7-449B-A245-D308A6881752}.Release|Any CPU.Build.0 = Release|Any CPU
	EndGlobalSection
	GlobalSection(SolutionProperties) = preSolution
		HideSolutionNode = FALSE
	EndGlobalSection
	GlobalSection(ExtensibilityGlobals) = postSolution
		SolutionGuid = {488F5AA1-0176-4787-A08F-67FE91C37E9C}
	EndGlobalSection
EndGlobal
