
Microsoft Visual Studio Solution File, Format Version 12.00
# Visual Studio Version 16
VisualStudioVersion = 25.0.1705.2
MinimumVisualStudioVersion = 10.0.40219.1
Project("{FAE04EC0-301F-11D3-BF4B-00C04F79EFBC}") = "Section_7", "Section_7\Section_7.csproj", "{D3B88AF4-2D17-4672-8F44-2AFE55A38227}"
EndProject
Global
	GlobalSection(SolutionConfigurationPlatforms) = preSolution
		Debug|Any CPU = Debug|Any CPU
		Release|Any CPU = Release|Any CPU
	EndGlobalSection
	GlobalSection(ProjectConfigurationPlatforms) = postSolution
		{D3B88AF4-2D17-4672-8F44-2AFE55A38227}.Debug|Any CPU.ActiveCfg = Debug|Any CPU
		{D3B88AF4-2D17-4672-8F44-2AFE55A38227}.Debug|Any CPU.Build.0 = Debug|Any CPU
		{D3B88AF4-2D17-4672-8F44-2AFE55A38227}.Release|Any CPU.ActiveCfg = Release|Any CPU
		{D3B88AF4-2D17-4672-8F44-2AFE55A38227}.Release|Any CPU.Build.0 = Release|Any CPU
	EndGlobalSection
	GlobalSection(SolutionProperties) = preSolution
		HideSolutionNode = FALSE
	EndGlobalSection
	GlobalSection(ExtensibilityGlobals) = postSolution
		SolutionGuid = {1625892C-CA60-4C69-9031-0E7EA4FC8D6C}
	EndGlobalSection
EndGlobal
