
Microsoft Visual Studio Solution File, Format Version 12.00
# Visual Studio Version 16
VisualStudioVersion = 25.0.1705.2
MinimumVisualStudioVersion = 10.0.40219.1
Project("{FAE04EC0-301F-11D3-BF4B-00C04F79EFBC}") = "Section_6_Properties", "Section_6_Properties\Section_6_Properties.csproj", "{7326590A-3867-4445-A828-149A19A0B91F}"
EndProject
Global
	GlobalSection(SolutionConfigurationPlatforms) = preSolution
		Debug|Any CPU = Debug|Any CPU
		Release|Any CPU = Release|Any CPU
	EndGlobalSection
	GlobalSection(ProjectConfigurationPlatforms) = postSolution
		{7326590A-3867-4445-A828-149A19A0B91F}.Debug|Any CPU.ActiveCfg = Debug|Any CPU
		{7326590A-3867-4445-A828-149A19A0B91F}.Debug|Any CPU.Build.0 = Debug|Any CPU
		{7326590A-3867-4445-A828-149A19A0B91F}.Release|Any CPU.ActiveCfg = Release|Any CPU
		{7326590A-3867-4445-A828-149A19A0B91F}.Release|Any CPU.Build.0 = Release|Any CPU
	EndGlobalSection
	GlobalSection(SolutionProperties) = preSolution
		HideSolutionNode = FALSE
	EndGlobalSection
	GlobalSection(ExtensibilityGlobals) = postSolution
		SolutionGuid = {615463B8-C6A7-4B52-AF77-C15BE0E144A8}
	EndGlobalSection
EndGlobal
